
Microsoft Visual Studio Solution File, Format Version 12.00
# Visual Studio Version 17
VisualStudioVersion = 17.7.34031.279
MinimumVisualStudioVersion = 10.0.40219.1
Project("{8BC9CEB8-8B4A-11D0-8D11-00A0C91BC942}") = "Sandbox", "Sandbox\Sandbox.vcxproj", "{86832482-2A0C-401F-BF04-E5FB203C1738}"
EndProject
Project("{8BC9CEB8-8B4A-11D0-8D11-00A0C91BC942}") = "Proto", "Proto\Proto.vcxproj", "{040DAF55-944E-4799-856B-50FE8A26A7F6}"
EndProject
Global
	GlobalSection(SolutionConfigurationPlatforms) = preSolution
		Debug|x64 = Debug|x64
		Release|x64 = Release|x64
	EndGlobalSection
	GlobalSection(ProjectConfigurationPlatforms) = postSolution
		{040DAF55-944E-4799-856B-50FE8A26A7F6}.Debug|x64.ActiveCfg = Debug|x64
		{040DAF55-944E-4799-856B-50FE8A26A7F6}.Debug|x64.Build.0 = Debug|x64
		{040DAF55-944E-4799-856B-50FE8A26A7F6}.Release|x64.ActiveCfg = Release|x64
		{040DAF55-944E-4799-856B-50FE8A26A7F6}.Release|x64.Build.0 = Release|x64
		{86832482-2A0C-401F-BF04-E5FB203C1738}.Debug|x64.ActiveCfg = Debug|x64
		{86832482-2A0C-401F-BF04-E5FB203C1738}.Debug|x64.Build.0 = Debug|x64
		{86832482-2A0C-401F-BF04-E5FB203C1738}.Release|x64.ActiveCfg = Release|x64
		{86832482-2A0C-401F-BF04-E5FB203C1738}.Release|x64.Build.0 = Release|x64
	EndGlobalSection
	GlobalSection(SolutionProperties) = preSolution
		HideSolutionNode = FALSE
	EndGlobalSection
	GlobalSection(ExtensibilityGlobals) = postSolution
		SolutionGuid = {41FBA46F-247D-4BC3-8B4B-41DF5E7E912B}
	EndGlobalSection
EndGlobal
